
Microsoft Visual Studio Solution File, Format Version 12.00
# Visual Studio Version 16
VisualStudioVersion = 16.0.30114.105
MinimumVisualStudioVersion = 10.0.40219.1
Project("{9A19103F-16F7-4668-BE54-9A1E7A4F7556}") = "AstroCamPi", "AstroCamPi\AstroCamPi.csproj", "{74DEBFA1-F3A5-4337-A106-5AFDA734A9AD}"
EndProject
Project("{9A19103F-16F7-4668-BE54-9A1E7A4F7556}") = "AstroLib", "AstroLib\AstroLib.csproj", "{EBCFA197-55E2-4EFB-9711-FDBA8C652019}"
EndProject
Project("{9A19103F-16F7-4668-BE54-9A1E7A4F7556}") = "MMALSharp", "MMALSharp\src\MMALSharp\MMALSharp.csproj", "{47AF9428-8246-4267-BC76-5FC648848E40}"
EndProject
Project("{9A19103F-16F7-4668-BE54-9A1E7A4F7556}") = "MMALSharp.Common", "MMALSharp\src\MMALSharp.Common\MMALSharp.Common.csproj", "{65A1440E-72E1-4943-B469-5CFBA8CB5633}"
EndProject
Project("{9A19103F-16F7-4668-BE54-9A1E7A4F7556}") = "MMALSharp.Processing", "MMALSharp\src\MMALSharp.Processing\MMALSharp.Processing.csproj", "{DABC9991-56AD-4235-BA86-63DEF12C261A}"
EndProject
Project("{9A19103F-16F7-4668-BE54-9A1E7A4F7556}") = "MMALSharp.FFmpeg", "MMALSharp\src\MMALSharp.FFmpeg\MMALSharp.FFmpeg.csproj", "{0600C674-E587-4267-89F3-B52AE9591F80}"
EndProject
Project("{2150E333-8FDC-42A3-9474-1A3956D46DE8}") = "MMAL_Sharp", "MMAL_Sharp", "{1347E955-66D7-4DEF-AD7D-64CE61D6B040}"
EndProject
Global
	GlobalSection(SolutionConfigurationPlatforms) = preSolution
		Debug|Any CPU = Debug|Any CPU
		Release|Any CPU = Release|Any CPU
	EndGlobalSection
	GlobalSection(ProjectConfigurationPlatforms) = postSolution
		{74DEBFA1-F3A5-4337-A106-5AFDA734A9AD}.Debug|Any CPU.ActiveCfg = Debug|Any CPU
		{74DEBFA1-F3A5-4337-A106-5AFDA734A9AD}.Debug|Any CPU.Build.0 = Debug|Any CPU
		{74DEBFA1-F3A5-4337-A106-5AFDA734A9AD}.Release|Any CPU.ActiveCfg = Release|Any CPU
		{74DEBFA1-F3A5-4337-A106-5AFDA734A9AD}.Release|Any CPU.Build.0 = Release|Any CPU
		{EBCFA197-55E2-4EFB-9711-FDBA8C652019}.Debug|Any CPU.ActiveCfg = Debug|Any CPU
		{EBCFA197-55E2-4EFB-9711-FDBA8C652019}.Debug|Any CPU.Build.0 = Debug|Any CPU
		{EBCFA197-55E2-4EFB-9711-FDBA8C652019}.Release|Any CPU.ActiveCfg = Release|Any CPU
		{EBCFA197-55E2-4EFB-9711-FDBA8C652019}.Release|Any CPU.Build.0 = Release|Any CPU
		{47AF9428-8246-4267-BC76-5FC648848E40}.Debug|Any CPU.ActiveCfg = Debug|Any CPU
		{47AF9428-8246-4267-BC76-5FC648848E40}.Debug|Any CPU.Build.0 = Debug|Any CPU
		{47AF9428-8246-4267-BC76-5FC648848E40}.Release|Any CPU.ActiveCfg = Release|Any CPU
		{47AF9428-8246-4267-BC76-5FC648848E40}.Release|Any CPU.Build.0 = Release|Any CPU
		{65A1440E-72E1-4943-B469-5CFBA8CB5633}.Debug|Any CPU.ActiveCfg = Debug|Any CPU
		{65A1440E-72E1-4943-B469-5CFBA8CB5633}.Debug|Any CPU.Build.0 = Debug|Any CPU
		{65A1440E-72E1-4943-B469-5CFBA8CB5633}.Release|Any CPU.ActiveCfg = Release|Any CPU
		{65A1440E-72E1-4943-B469-5CFBA8CB5633}.Release|Any CPU.Build.0 = Release|Any CPU
		{DABC9991-56AD-4235-BA86-63DEF12C261A}.Debug|Any CPU.ActiveCfg = Debug|Any CPU
		{DABC9991-56AD-4235-BA86-63DEF12C261A}.Debug|Any CPU.Build.0 = Debug|Any CPU
		{DABC9991-56AD-4235-BA86-63DEF12C261A}.Release|Any CPU.ActiveCfg = Release|Any CPU
		{DABC9991-56AD-4235-BA86-63DEF12C261A}.Release|Any CPU.Build.0 = Release|Any CPU
		{0600C674-E587-4267-89F3-B52AE9591F80}.Debug|Any CPU.ActiveCfg = Debug|Any CPU
		{0600C674-E587-4267-89F3-B52AE9591F80}.Debug|Any CPU.Build.0 = Debug|Any CPU
		{0600C674-E587-4267-89F3-B52AE9591F80}.Release|Any CPU.ActiveCfg = Release|Any CPU
		{0600C674-E587-4267-89F3-B52AE9591F80}.Release|Any CPU.Build.0 = Release|Any CPU
	EndGlobalSection
	GlobalSection(SolutionProperties) = preSolution
		HideSolutionNode = FALSE
	EndGlobalSection
	GlobalSection(NestedProjects) = preSolution
		{47AF9428-8246-4267-BC76-5FC648848E40} = {1347E955-66D7-4DEF-AD7D-64CE61D6B040}
		{65A1440E-72E1-4943-B469-5CFBA8CB5633} = {1347E955-66D7-4DEF-AD7D-64CE61D6B040}
		{DABC9991-56AD-4235-BA86-63DEF12C261A} = {1347E955-66D7-4DEF-AD7D-64CE61D6B040}
		{0600C674-E587-4267-89F3-B52AE9591F80} = {1347E955-66D7-4DEF-AD7D-64CE61D6B040}
	EndGlobalSection
	GlobalSection(ExtensibilityGlobals) = postSolution
		SolutionGuid = {A22F6F0F-C50E-4C39-A342-1A03A8AF611A}
	EndGlobalSection
EndGlobal
